
Microsoft Visual Studio Solution File, Format Version 12.00
# Visual Studio 15
VisualStudioVersion = 15.0.28307.705
MinimumVisualStudioVersion = 10.0.40219.1
Project("{FAE04EC0-301F-11D3-BF4B-00C04F79EFBC}") = "EmployeeForm", "EmployeeForm\EmployeeForm.csproj", "{6F26A28D-7661-43E4-A300-CCC697CCE844}"
EndProject
Project("{FAE04EC0-301F-11D3-BF4B-00C04F79EFBC}") = "Backend", "Backend\Backend.csproj", "{BD2DBB00-07DA-40C9-991A-4B506718E241}"
EndProject
Global
	GlobalSection(SolutionConfigurationPlatforms) = preSolution
		Debug|Any CPU = Debug|Any CPU
		Release|Any CPU = Release|Any CPU
	EndGlobalSection
	GlobalSection(ProjectConfigurationPlatforms) = postSolution
		{6F26A28D-7661-43E4-A300-CCC697CCE844}.Debug|Any CPU.ActiveCfg = Debug|Any CPU
		{6F26A28D-7661-43E4-A300-CCC697CCE844}.Debug|Any CPU.Build.0 = Debug|Any CPU
		{6F26A28D-7661-43E4-A300-CCC697CCE844}.Release|Any CPU.ActiveCfg = Release|Any CPU
		{6F26A28D-7661-43E4-A300-CCC697CCE844}.Release|Any CPU.Build.0 = Release|Any CPU
		{BD2DBB00-07DA-40C9-991A-4B506718E241}.Debug|Any CPU.ActiveCfg = Debug|Any CPU
		{BD2DBB00-07DA-40C9-991A-4B506718E241}.Debug|Any CPU.Build.0 = Debug|Any CPU
		{BD2DBB00-07DA-40C9-991A-4B506718E241}.Release|Any CPU.ActiveCfg = Release|Any CPU
		{BD2DBB00-07DA-40C9-991A-4B506718E241}.Release|Any CPU.Build.0 = Release|Any CPU
	EndGlobalSection
	GlobalSection(SolutionProperties) = preSolution
		HideSolutionNode = FALSE
	EndGlobalSection
	GlobalSection(ExtensibilityGlobals) = postSolution
		SolutionGuid = {1F76494E-7DDB-46A6-8D2D-4E9637031AF3}
	EndGlobalSection
EndGlobal
